
Microsoft Visual Studio Solution File, Format Version 12.00
# Visual Studio Version 16
VisualStudioVersion = 16.0.33328.57
MinimumVisualStudioVersion = 10.0.40219.1
Project("{FAE04EC0-301F-11D3-BF4B-00C04F79EFBC}") = "RevitAPISelection_Edge", "RevitAPISelection_Edge.csproj", "{675616C0-99C3-45C7-B297-E59614B61E85}"
EndProject
Global
	GlobalSection(SolutionConfigurationPlatforms) = preSolution
		Debug|Any CPU = Debug|Any CPU
		Release|Any CPU = Release|Any CPU
	EndGlobalSection
	GlobalSection(ProjectConfigurationPlatforms) = postSolution
		{675616C0-99C3-45C7-B297-E59614B61E85}.Debug|Any CPU.ActiveCfg = Debug|Any CPU
		{675616C0-99C3-45C7-B297-E59614B61E85}.Debug|Any CPU.Build.0 = Debug|Any CPU
		{675616C0-99C3-45C7-B297-E59614B61E85}.Release|Any CPU.ActiveCfg = Release|Any CPU
		{675616C0-99C3-45C7-B297-E59614B61E85}.Release|Any CPU.Build.0 = Release|Any CPU
	EndGlobalSection
	GlobalSection(SolutionProperties) = preSolution
		HideSolutionNode = FALSE
	EndGlobalSection
	GlobalSection(ExtensibilityGlobals) = postSolution
		SolutionGuid = {FFA49BE1-7AE9-44EB-AE76-93795BDC2806}
	EndGlobalSection
EndGlobal
